
Microsoft Visual Studio Solution File, Format Version 12.00
# Visual Studio Version 17
VisualStudioVersion = 17.2.32519.379
MinimumVisualStudioVersion = 10.0.40219.1
Project("{9A19103F-16F7-4668-BE54-9A1E7A4F7556}") = "4JTools", "4JTools\4JTools.csproj", "{134DCFC8-7F05-4A15-95DD-5675DA721A85}"
EndProject
Project("{9A19103F-16F7-4668-BE54-9A1E7A4F7556}") = "4JTools.Console", "4JTools.Samples\4JTools.Console.csproj", "{7BEF2D36-71F4-4463-AA3C-A7F69CA1A94A}"
EndProject
Project("{2150E333-8FDC-42A3-9474-1A3956D46DE8}") = "Samples", "Samples", "{A98CF762-89D4-49B1-8101-E4BBEC01FB11}"
EndProject
Project("{FAE04EC0-301F-11D3-BF4B-00C04F79EFBC}") = "4JTools.Api", "4JTools.Api\4JTools.Api.csproj", "{750F633B-5F6B-4B2D-BB1D-011713F17F7F}"
EndProject
Global
	GlobalSection(SolutionConfigurationPlatforms) = preSolution
		Debug|Any CPU = Debug|Any CPU
		Release|Any CPU = Release|Any CPU
	EndGlobalSection
	GlobalSection(ProjectConfigurationPlatforms) = postSolution
		{134DCFC8-7F05-4A15-95DD-5675DA721A85}.Debug|Any CPU.ActiveCfg = Debug|Any CPU
		{134DCFC8-7F05-4A15-95DD-5675DA721A85}.Debug|Any CPU.Build.0 = Debug|Any CPU
		{134DCFC8-7F05-4A15-95DD-5675DA721A85}.Release|Any CPU.ActiveCfg = Release|Any CPU
		{134DCFC8-7F05-4A15-95DD-5675DA721A85}.Release|Any CPU.Build.0 = Release|Any CPU
		{7BEF2D36-71F4-4463-AA3C-A7F69CA1A94A}.Debug|Any CPU.ActiveCfg = Debug|Any CPU
		{7BEF2D36-71F4-4463-AA3C-A7F69CA1A94A}.Debug|Any CPU.Build.0 = Debug|Any CPU
		{7BEF2D36-71F4-4463-AA3C-A7F69CA1A94A}.Release|Any CPU.ActiveCfg = Release|Any CPU
		{7BEF2D36-71F4-4463-AA3C-A7F69CA1A94A}.Release|Any CPU.Build.0 = Release|Any CPU
		{750F633B-5F6B-4B2D-BB1D-011713F17F7F}.Debug|Any CPU.ActiveCfg = Debug|Any CPU
		{750F633B-5F6B-4B2D-BB1D-011713F17F7F}.Debug|Any CPU.Build.0 = Debug|Any CPU
		{750F633B-5F6B-4B2D-BB1D-011713F17F7F}.Release|Any CPU.ActiveCfg = Release|Any CPU
		{750F633B-5F6B-4B2D-BB1D-011713F17F7F}.Release|Any CPU.Build.0 = Release|Any CPU
	EndGlobalSection
	GlobalSection(SolutionProperties) = preSolution
		HideSolutionNode = FALSE
	EndGlobalSection
	GlobalSection(NestedProjects) = preSolution
		{7BEF2D36-71F4-4463-AA3C-A7F69CA1A94A} = {A98CF762-89D4-49B1-8101-E4BBEC01FB11}
		{750F633B-5F6B-4B2D-BB1D-011713F17F7F} = {A98CF762-89D4-49B1-8101-E4BBEC01FB11}
	EndGlobalSection
	GlobalSection(ExtensibilityGlobals) = postSolution
		SolutionGuid = {1243FC66-5155-4961-9308-C4267CBE002F}
	EndGlobalSection
EndGlobal
