
Microsoft Visual Studio Solution File, Format Version 12.00
# Visual Studio Version 17
VisualStudioVersion = 17.2.32519.379
MinimumVisualStudioVersion = 10.0.40219.1
Project("{9A19103F-16F7-4668-BE54-9A1E7A4F7556}") = "4JTools", "4JTools\4JTools.csproj", "{134DCFC8-7F05-4A15-95DD-5675DA721A85}"
EndProject
Global
	GlobalSection(SolutionConfigurationPlatforms) = preSolution
		Debug|Any CPU = Debug|Any CPU
		Release|Any CPU = Release|Any CPU
	EndGlobalSection
	GlobalSection(ProjectConfigurationPlatforms) = postSolution
		{134DCFC8-7F05-4A15-95DD-5675DA721A85}.Debug|Any CPU.ActiveCfg = Debug|Any CPU
		{134DCFC8-7F05-4A15-95DD-5675DA721A85}.Debug|Any CPU.Build.0 = Debug|Any CPU
		{134DCFC8-7F05-4A15-95DD-5675DA721A85}.Release|Any CPU.ActiveCfg = Release|Any CPU
		{134DCFC8-7F05-4A15-95DD-5675DA721A85}.Release|Any CPU.Build.0 = Release|Any CPU
	EndGlobalSection
	GlobalSection(SolutionProperties) = preSolution
		HideSolutionNode = FALSE
	EndGlobalSection
	GlobalSection(ExtensibilityGlobals) = postSolution
		SolutionGuid = {1243FC66-5155-4961-9308-C4267CBE002F}
	EndGlobalSection
EndGlobal
